
Microsoft Visual Studio Solution File, Format Version 12.00
# Visual Studio Version 17
VisualStudioVersion = 17.8.34322.80
MinimumVisualStudioVersion = 10.0.40219.1
Project("{FAE04EC0-301F-11D3-BF4B-00C04F79EFBC}") = "AmmoManager", "AmmoManager.csproj", "{5B3B0885-9C1A-472D-9FFA-34990CC0E944}"
EndProject
Global
	GlobalSection(SolutionConfigurationPlatforms) = preSolution
		Debug|Any CPU = Debug|Any CPU
		Release|Any CPU = Release|Any CPU
	EndGlobalSection
	GlobalSection(ProjectConfigurationPlatforms) = postSolution
		{5B3B0885-9C1A-472D-9FFA-34990CC0E944}.Debug|Any CPU.ActiveCfg = Debug|Any CPU
		{5B3B0885-9C1A-472D-9FFA-34990CC0E944}.Debug|Any CPU.Build.0 = Debug|Any CPU
		{5B3B0885-9C1A-472D-9FFA-34990CC0E944}.Release|Any CPU.ActiveCfg = Release|Any CPU
		{5B3B0885-9C1A-472D-9FFA-34990CC0E944}.Release|Any CPU.Build.0 = Release|Any CPU
	EndGlobalSection
	GlobalSection(SolutionProperties) = preSolution
		HideSolutionNode = FALSE
	EndGlobalSection
	GlobalSection(ExtensibilityGlobals) = postSolution
		SolutionGuid = {E8AC8121-26D2-4926-86E3-D69B5DD746BB}
	EndGlobalSection
EndGlobal
